
Microsoft Visual Studio Solution File, Format Version 12.00
# Visual Studio Version 16
VisualStudioVersion = 16.0.30225.117
MinimumVisualStudioVersion = 10.0.40219.1
Project("{FAE04EC0-301F-11D3-BF4B-00C04F79EFBC}") = "SpiceFactory", "SpiceFactory\SpiceFactory.csproj", "{1CDB4B03-5C8B-4A03-A615-D748ACFA8000}"
EndProject
Global
	GlobalSection(SolutionConfigurationPlatforms) = preSolution
		Debug|Any CPU = Debug|Any CPU
		Release|Any CPU = Release|Any CPU
	EndGlobalSection
	GlobalSection(ProjectConfigurationPlatforms) = postSolution
		{1CDB4B03-5C8B-4A03-A615-D748ACFA8000}.Debug|Any CPU.ActiveCfg = Debug|Any CPU
		{1CDB4B03-5C8B-4A03-A615-D748ACFA8000}.Debug|Any CPU.Build.0 = Debug|Any CPU
		{1CDB4B03-5C8B-4A03-A615-D748ACFA8000}.Release|Any CPU.ActiveCfg = Release|Any CPU
		{1CDB4B03-5C8B-4A03-A615-D748ACFA8000}.Release|Any CPU.Build.0 = Release|Any CPU
	EndGlobalSection
	GlobalSection(SolutionProperties) = preSolution
		HideSolutionNode = FALSE
	EndGlobalSection
	GlobalSection(ExtensibilityGlobals) = postSolution
		SolutionGuid = {DE246BA5-B23A-4725-B040-DF1FC309DCCD}
	EndGlobalSection
EndGlobal
